
Microsoft Visual Studio Solution File, Format Version 12.00
# Visual Studio Version 17
VisualStudioVersion = 17.7.34221.43
MinimumVisualStudioVersion = 10.0.40219.1
Project("{FAE04EC0-301F-11D3-BF4B-00C04F79EFBC}") = "LVK_PDF_Changer_forWindows", "LVK_PDF_Changer_forWindows.csproj", "{AD726394-DC6E-4CF6-883C-3274199E240A}"
EndProject
Global
	GlobalSection(SolutionConfigurationPlatforms) = preSolution
		Debug|Any CPU = Debug|Any CPU
		Release|Any CPU = Release|Any CPU
	EndGlobalSection
	GlobalSection(ProjectConfigurationPlatforms) = postSolution
		{AD726394-DC6E-4CF6-883C-3274199E240A}.Debug|Any CPU.ActiveCfg = Debug|Any CPU
		{AD726394-DC6E-4CF6-883C-3274199E240A}.Debug|Any CPU.Build.0 = Debug|Any CPU
		{AD726394-DC6E-4CF6-883C-3274199E240A}.Release|Any CPU.ActiveCfg = Release|Any CPU
		{AD726394-DC6E-4CF6-883C-3274199E240A}.Release|Any CPU.Build.0 = Release|Any CPU
	EndGlobalSection
	GlobalSection(SolutionProperties) = preSolution
		HideSolutionNode = FALSE
	EndGlobalSection
	GlobalSection(ExtensibilityGlobals) = postSolution
		SolutionGuid = {2F157661-59A5-4B3F-AB16-60CA0E742E5B}
	EndGlobalSection
EndGlobal
